<?xml version="1.0" encoding="utf-8"?>
<Project ToolsVersion="4.0" xmlns="http://schemas.microsoft.com/developer/msbuild/2003">
  <ItemGroup>
    <Filter Include="Header Files">
      <UniqueIdentifier>{93995380-89BD-4b04-88EB-625FBE52EBFB}</UniqueIdentifier>
      <Extensions>h;hh;hpp;hxx;hm;inl;inc;xsd</Extensions>
    </Filter>
    <Filter Include="Source Files">
      <UniqueIdentifier>{67DA6AB6-F800-4c08-8B7A-83BB121AAD01}</UniqueIdentifier>
      <Extensions>rc;ico;cur;bmp;dlg;rc2;rct;bin;rgs;gif;jpg;jpeg;jpe;resx;tiff;tif;png;wav;mfcribbon-ms</Extensions>
    </Filter>
    <Filter Include="OpenGL">
      <UniqueIdentifier>{35efb423-4a85-4253-8b28-3afbe1d90981}</UniqueIdentifier>
    </Filter>
    <Filter Include="Header Files\Maths">
      <UniqueIdentifier>{d86b2d64-5fb4-474e-86ca-22aa835e7fe1}</UniqueIdentifier>
    </Filter>
    <Filter Include="Header Files\SourceSDK">
      <UniqueIdentifier>{34502321-fda4-4a39-b8bc-a1240042aa85}</UniqueIdentifier>
    </Filter>
    <Filter Include="Shader Files">
      <UniqueIdentifier>{a25c1880-2d03-48d2-8a74-1d93f7492154}</UniqueIdentifier>
    </Filter>
    <Filter Include="Font Files">
      <UniqueIdentifier>{129129ba-5de2-4b63-8459-b7dc318a8957}</UniqueIdentifier>
    </Filter>
  </ItemGroup>
  <ItemGroup>
    <ClCompile Include="main.cpp">
      <Filter>Source Files</Filter>
    </ClCompile>
    <ClCompile Include="glad.c">
      <Filter>OpenGL</Filter>
    </ClCompile>
    <ClCompile Include="GLFWUtil.cpp">
      <Filter>Source Files</Filter>
    </ClCompile>
    <ClCompile Include="Shader.cpp">
      <Filter>Source Files</Filter>
    </ClCompile>
  </ItemGroup>
  <ItemGroup>
    <ClInclude Include="ConvexPolytopes.h">
      <Filter>Header Files\Maths</Filter>
    </ClInclude>
    <ClInclude Include="Plane.h">
      <Filter>Header Files\Maths</Filter>
    </ClInclude>
    <ClInclude Include="ValveKeyValue.h">
      <Filter>Header Files\SourceSDK</Filter>
    </ClInclude>
    <ClInclude Include="VMF.h">
      <Filter>Header Files\SourceSDK</Filter>
    </ClInclude>
    <ClInclude Include="GameObject.h">
      <Filter>Header Files</Filter>
    </ClInclude>
    <ClInclude Include="GLFWUtil.h">
      <Filter>Header Files</Filter>
    </ClInclude>
    <ClInclude Include="Mesh.h">
      <Filter>Header Files</Filter>
    </ClInclude>
    <ClInclude Include="Shader.h">
      <Filter>Header Files</Filter>
    </ClInclude>
    <ClInclude Include="stb_image.h">
      <Filter>Header Files</Filter>
    </ClInclude>
    <ClInclude Include="Util.h">
      <Filter>Header Files</Filter>
    </ClInclude>
    <ClInclude Include="BoundsSelector.h">
      <Filter>Header Files</Filter>
    </ClInclude>
    <ClInclude Include="TextFont.h">
      <Filter>Header Files</Filter>
    </ClInclude>
    <ClInclude Include="Conlog.h">
      <Filter>Header Files</Filter>
    </ClInclude>
  </ItemGroup>
  <ItemGroup>
    <None Include="lit.fs">
      <Filter>Shader Files</Filter>
    </None>
    <None Include="lit.vs">
      <Filter>Shader Files</Filter>
    </None>
    <None Include="unlit.fs">
      <Filter>Shader Files</Filter>
    </None>
    <None Include="unlit.vs">
      <Filter>Shader Files</Filter>
    </None>
    <None Include="additivecolor.vs">
      <Filter>Shader Files</Filter>
    </None>
    <None Include="additivecolor.fs">
      <Filter>Shader Files</Filter>
    </None>
    <None Include="textfont.vs">
      <Filter>Shader Files</Filter>
    </None>
    <None Include="textfont.fs">
      <Filter>Shader Files</Filter>
    </None>
  </ItemGroup>
  <ItemGroup>
    <Image Include="dina-r.png">
      <Filter>Font Files</Filter>
    </Image>
  </ItemGroup>
</Project>